
Microsoft Visual Studio Solution File, Format Version 12.00
# Visual Studio Version 16
VisualStudioVersion = 16.0.31624.102
MinimumVisualStudioVersion = 10.0.40219.1
Project("{8BC9CEB8-8B4A-11D0-8D11-00A0C91BC942}") = "MathLibrary", "MathLibrary\MathLibrary.vcxproj", "{9CD0462C-AF8C-4BFE-9849-B6710B53D523}"
EndProject
Global
	GlobalSection(SolutionConfigurationPlatforms) = preSolution
		Debug|x64 = Debug|x64
		Debug|x86 = Debug|x86
		Release|x64 = Release|x64
		Release|x86 = Release|x86
	EndGlobalSection
	GlobalSection(ProjectConfigurationPlatforms) = postSolution
		{9CD0462C-AF8C-4BFE-9849-B6710B53D523}.Debug|x64.ActiveCfg = Debug|x64
		{9CD0462C-AF8C-4BFE-9849-B6710B53D523}.Debug|x64.Build.0 = Debug|x64
		{9CD0462C-AF8C-4BFE-9849-B6710B53D523}.Debug|x86.ActiveCfg = Debug|Win32
		{9CD0462C-AF8C-4BFE-9849-B6710B53D523}.Debug|x86.Build.0 = Debug|Win32
		{9CD0462C-AF8C-4BFE-9849-B6710B53D523}.Release|x64.ActiveCfg = Release|x64
		{9CD0462C-AF8C-4BFE-9849-B6710B53D523}.Release|x64.Build.0 = Release|x64
		{9CD0462C-AF8C-4BFE-9849-B6710B53D523}.Release|x86.ActiveCfg = Release|Win32
		{9CD0462C-AF8C-4BFE-9849-B6710B53D523}.Release|x86.Build.0 = Release|Win32
	EndGlobalSection
	GlobalSection(SolutionProperties) = preSolution
		HideSolutionNode = FALSE
	EndGlobalSection
	GlobalSection(ExtensibilityGlobals) = postSolution
		SolutionGuid = {D29401A7-99EB-4434-95B2-8103532B477B}
	EndGlobalSection
EndGlobal
